
Microsoft Visual Studio Solution File, Format Version 12.00
# Visual Studio 15
VisualStudioVersion = 15.0.28010.2036
MinimumVisualStudioVersion = 10.0.40219.1
Project("{9A19103F-16F7-4668-BE54-9A1E7A4F7556}") = "Meterzy.Entity", "Meterzy.Entity\Meterzy.Entity.csproj", "{7D8372DF-ED66-4435-92D2-ED99464C07CE}"
EndProject
Project("{9A19103F-16F7-4668-BE54-9A1E7A4F7556}") = "Meterzy.Data", "Meterzy.Data\Meterzy.Data.csproj", "{701FAA63-9587-408D-9C7E-2066CE957E6F}"
EndProject
Project("{9A19103F-16F7-4668-BE54-9A1E7A4F7556}") = "Meterzy.Api", "Meterzy.Api\Meterzy.Api.csproj", "{67361ACA-0B81-4BD9-B8FB-2A5FBD18D56F}"
EndProject
Global
	GlobalSection(SolutionConfigurationPlatforms) = preSolution
		Debug|Any CPU = Debug|Any CPU
		Release|Any CPU = Release|Any CPU
	EndGlobalSection
	GlobalSection(ProjectConfigurationPlatforms) = postSolution
		{7D8372DF-ED66-4435-92D2-ED99464C07CE}.Debug|Any CPU.ActiveCfg = Debug|Any CPU
		{7D8372DF-ED66-4435-92D2-ED99464C07CE}.Debug|Any CPU.Build.0 = Debug|Any CPU
		{7D8372DF-ED66-4435-92D2-ED99464C07CE}.Release|Any CPU.ActiveCfg = Release|Any CPU
		{7D8372DF-ED66-4435-92D2-ED99464C07CE}.Release|Any CPU.Build.0 = Release|Any CPU
		{701FAA63-9587-408D-9C7E-2066CE957E6F}.Debug|Any CPU.ActiveCfg = Debug|Any CPU
		{701FAA63-9587-408D-9C7E-2066CE957E6F}.Debug|Any CPU.Build.0 = Debug|Any CPU
		{701FAA63-9587-408D-9C7E-2066CE957E6F}.Release|Any CPU.ActiveCfg = Release|Any CPU
		{701FAA63-9587-408D-9C7E-2066CE957E6F}.Release|Any CPU.Build.0 = Release|Any CPU
		{67361ACA-0B81-4BD9-B8FB-2A5FBD18D56F}.Debug|Any CPU.ActiveCfg = Debug|Any CPU
		{67361ACA-0B81-4BD9-B8FB-2A5FBD18D56F}.Debug|Any CPU.Build.0 = Debug|Any CPU
		{67361ACA-0B81-4BD9-B8FB-2A5FBD18D56F}.Release|Any CPU.ActiveCfg = Release|Any CPU
		{67361ACA-0B81-4BD9-B8FB-2A5FBD18D56F}.Release|Any CPU.Build.0 = Release|Any CPU
	EndGlobalSection
	GlobalSection(SolutionProperties) = preSolution
		HideSolutionNode = FALSE
	EndGlobalSection
	GlobalSection(ExtensibilityGlobals) = postSolution
		SolutionGuid = {7730B0BB-8E80-4109-BF44-9F0325B13BF7}
	EndGlobalSection
EndGlobal
